// !$*UTF8*$!
{
	archiveVersion = 1;
	classes = {
	};
	objectVersion = 50;
	objects = {

/* Begin PBXBuildFile section */
		9304724F22D8885F007C6E43 /* MasterNavigationController.swift in Sources */ = {isa = PBXBuildFile; fileRef = 9304724E22D8885F007C6E43 /* MasterNavigationController.swift */; };
		932C54F922E9C53500DCEC21 /* AnimatedLaunchScreenController.swift in Sources */ = {isa = PBXBuildFile; fileRef = 932C54F822E9C53500DCEC21 /* AnimatedLaunchScreenController.swift */; };
		932C54FE22E9C70E00DCEC21 /* SplashAnimationType.swift in Sources */ = {isa = PBXBuildFile; fileRef = 932C54FA22E9C70D00DCEC21 /* SplashAnimationType.swift */; };
		932C54FF22E9C70E00DCEC21 /* Animations.swift in Sources */ = {isa = PBXBuildFile; fileRef = 932C54FB22E9C70D00DCEC21 /* Animations.swift */; };
		932C550022E9C70E00DCEC21 /* RevealingSplashView.swift in Sources */ = {isa = PBXBuildFile; fileRef = 932C54FC22E9C70D00DCEC21 /* RevealingSplashView.swift */; };
		932C550122E9C70E00DCEC21 /* SplashAnimatable.swift in Sources */ = {isa = PBXBuildFile; fileRef = 932C54FD22E9C70D00DCEC21 /* SplashAnimatable.swift */; };
		9343E1EA22E9EACD000CDCC1 /* ReplaceSegue.swift in Sources */ = {isa = PBXBuildFile; fileRef = 9343E1E922E9EACD000CDCC1 /* ReplaceSegue.swift */; };
		9343E1EC22EB051E000CDCC1 /* Reachability.swift in Sources */ = {isa = PBXBuildFile; fileRef = 9343E1EB22EB051E000CDCC1 /* Reachability.swift */; };
		93665C5622DC81ED0065092A /* WebKit.framework in Frameworks */ = {isa = PBXBuildFile; fileRef = 93665C5522DC81ED0065092A /* WebKit.framework */; };
		93665C5822DC8AF40065092A /* SDWebImage.framework in Frameworks */ = {isa = PBXBuildFile; fileRef = 93665C5722DC8AF40065092A /* SDWebImage.framework */; };
		9377C5A322F0CC1E00C40D09 /* NVActivityIndicatorAnimationBallZigZagDeflect.swift in Sources */ = {isa = PBXBuildFile; fileRef = 9377C58122F0CC1A00C40D09 /* NVActivityIndicatorAnimationBallZigZagDeflect.swift */; };
		9377C5A422F0CC1E00C40D09 /* NVActivityIndicatorAnimationBallScaleMultiple.swift in Sources */ = {isa = PBXBuildFile; fileRef = 9377C58222F0CC1A00C40D09 /* NVActivityIndicatorAnimationBallScaleMultiple.swift */; };
		9377C5A522F0CC1E00C40D09 /* NVActivityIndicatorAnimationLineScalePulseOutRapid.swift in Sources */ = {isa = PBXBuildFile; fileRef = 9377C58322F0CC1A00C40D09 /* NVActivityIndicatorAnimationLineScalePulseOutRapid.swift */; };
		9377C5A622F0CC1E00C40D09 /* NVActivityIndicatorAnimationBallRotateChase.swift in Sources */ = {isa = PBXBuildFile; fileRef = 9377C58422F0CC1A00C40D09 /* NVActivityIndicatorAnimationBallRotateChase.swift */; };
		9377C5A722F0CC1E00C40D09 /* NVActivityIndicatorAnimationBallPulseSync.swift in Sources */ = {isa = PBXBuildFile; fileRef = 9377C58522F0CC1B00C40D09 /* NVActivityIndicatorAnimationBallPulseSync.swift */; };
		9377C5A822F0CC1E00C40D09 /* NVActivityIndicatorAnimationBallScaleRippleMultiple.swift in Sources */ = {isa = PBXBuildFile; fileRef = 9377C58622F0CC1B00C40D09 /* NVActivityIndicatorAnimationBallScaleRippleMultiple.swift */; };
		9377C5A922F0CC1E00C40D09 /* NVActivityIndicatorAnimationCubeTransition.swift in Sources */ = {isa = PBXBuildFile; fileRef = 9377C58722F0CC1B00C40D09 /* NVActivityIndicatorAnimationCubeTransition.swift */; };
		9377C5AA22F0CC1E00C40D09 /* NVActivityIndicatorAnimationBallBeat.swift in Sources */ = {isa = PBXBuildFile; fileRef = 9377C58822F0CC1B00C40D09 /* NVActivityIndicatorAnimationBallBeat.swift */; };
		9377C5AB22F0CC1E00C40D09 /* NVActivityIndicatorAnimationBallRotate.swift in Sources */ = {isa = PBXBuildFile; fileRef = 9377C58922F0CC1B00C40D09 /* NVActivityIndicatorAnimationBallRotate.swift */; };
		9377C5AC22F0CC1E00C40D09 /* NVActivityIndicatorAnimationLineSpinFadeLoader.swift in Sources */ = {isa = PBXBuildFile; fileRef = 9377C58A22F0CC1B00C40D09 /* NVActivityIndicatorAnimationLineSpinFadeLoader.swift */; };
		9377C5AD22F0CC1E00C40D09 /* NVActivityIndicatorAnimationBallDoubleBounce.swift in Sources */ = {isa = PBXBuildFile; fileRef = 9377C58B22F0CC1B00C40D09 /* NVActivityIndicatorAnimationBallDoubleBounce.swift */; };
		9377C5AE22F0CC1E00C40D09 /* NVActivityIndicatorAnimationCircleStrokeSpin.swift in Sources */ = {isa = PBXBuildFile; fileRef = 9377C58C22F0CC1B00C40D09 /* NVActivityIndicatorAnimationCircleStrokeSpin.swift */; };
		9377C5AF22F0CC1E00C40D09 /* NVActivityIndicatorAnimationBallGridPulse.swift in Sources */ = {isa = PBXBuildFile; fileRef = 9377C58D22F0CC1C00C40D09 /* NVActivityIndicatorAnimationBallGridPulse.swift */; };
		9377C5B022F0CC1E00C40D09 /* NVActivityIndicatorAnimationAudioEqualizer.swift in Sources */ = {isa = PBXBuildFile; fileRef = 9377C58E22F0CC1C00C40D09 /* NVActivityIndicatorAnimationAudioEqualizer.swift */; };
		9377C5B122F0CC1E00C40D09 /* NVActivityIndicatorAnimationLineScalePulseOut.swift in Sources */ = {isa = PBXBuildFile; fileRef = 9377C58F22F0CC1C00C40D09 /* NVActivityIndicatorAnimationLineScalePulseOut.swift */; };
		9377C5B222F0CC1E00C40D09 /* NVActivityIndicatorAnimationSquareSpin.swift in Sources */ = {isa = PBXBuildFile; fileRef = 9377C59022F0CC1C00C40D09 /* NVActivityIndicatorAnimationSquareSpin.swift */; };
		9377C5B322F0CC1E00C40D09 /* NVActivityIndicatorAnimationBlank.swift in Sources */ = {isa = PBXBuildFile; fileRef = 9377C59122F0CC1C00C40D09 /* NVActivityIndicatorAnimationBlank.swift */; };
		9377C5B422F0CC1E00C40D09 /* NVActivityIndicatorAnimationBallPulseRise.swift in Sources */ = {isa = PBXBuildFile; fileRef = 9377C59222F0CC1C00C40D09 /* NVActivityIndicatorAnimationBallPulseRise.swift */; };
		9377C5B522F0CC1E00C40D09 /* NVActivityIndicatorAnimationTriangleSkewSpin.swift in Sources */ = {isa = PBXBuildFile; fileRef = 9377C59322F0CC1C00C40D09 /* NVActivityIndicatorAnimationTriangleSkewSpin.swift */; };
		9377C5B622F0CC1E00C40D09 /* NVActivityIndicatorAnimationBallClipRotate.swift in Sources */ = {isa = PBXBuildFile; fileRef = 9377C59422F0CC1C00C40D09 /* NVActivityIndicatorAnimationBallClipRotate.swift */; };
		9377C5B722F0CC1E00C40D09 /* NVActivityIndicatorAnimationBallScale.swift in Sources */ = {isa = PBXBuildFile; fileRef = 9377C59522F0CC1D00C40D09 /* NVActivityIndicatorAnimationBallScale.swift */; };
		9377C5B822F0CC1E00C40D09 /* NVActivityIndicatorAnimationBallTrianglePath.swift in Sources */ = {isa = PBXBuildFile; fileRef = 9377C59622F0CC1D00C40D09 /* NVActivityIndicatorAnimationBallTrianglePath.swift */; };
		9377C5B922F0CC1E00C40D09 /* NVActivityIndicatorAnimationOrbit.swift in Sources */ = {isa = PBXBuildFile; fileRef = 9377C59722F0CC1D00C40D09 /* NVActivityIndicatorAnimationOrbit.swift */; };
		9377C5BA22F0CC1E00C40D09 /* NVActivityIndicatorAnimationBallGridBeat.swift in Sources */ = {isa = PBXBuildFile; fileRef = 9377C59822F0CC1D00C40D09 /* NVActivityIndicatorAnimationBallGridBeat.swift */; };
		9377C5BB22F0CC1E00C40D09 /* NVActivityIndicatorAnimationBallClipRotatePulse.swift in Sources */ = {isa = PBXBuildFile; fileRef = 9377C59922F0CC1D00C40D09 /* NVActivityIndicatorAnimationBallClipRotatePulse.swift */; };
		9377C5BC22F0CC1E00C40D09 /* NVActivityIndicatorAnimationBallZigZag.swift in Sources */ = {isa = PBXBuildFile; fileRef = 9377C59A22F0CC1D00C40D09 /* NVActivityIndicatorAnimationBallZigZag.swift */; };
		9377C5BD22F0CC1E00C40D09 /* NVActivityIndicatorAnimationPacman.swift in Sources */ = {isa = PBXBuildFile; fileRef = 9377C59B22F0CC1D00C40D09 /* NVActivityIndicatorAnimationPacman.swift */; };
		9377C5BE22F0CC1E00C40D09 /* NVActivityIndicatorAnimationBallClipRotateMultiple.swift in Sources */ = {isa = PBXBuildFile; fileRef = 9377C59C22F0CC1D00C40D09 /* NVActivityIndicatorAnimationBallClipRotateMultiple.swift */; };
		9377C5BF22F0CC1E00C40D09 /* NVActivityIndicatorAnimationBallPulse.swift in Sources */ = {isa = PBXBuildFile; fileRef = 9377C59D22F0CC1D00C40D09 /* NVActivityIndicatorAnimationBallPulse.swift */; };
		9377C5C022F0CC1E00C40D09 /* NVActivityIndicatorAnimationLineScaleParty.swift in Sources */ = {isa = PBXBuildFile; fileRef = 9377C59E22F0CC1E00C40D09 /* NVActivityIndicatorAnimationLineScaleParty.swift */; };
		9377C5C122F0CC1E00C40D09 /* NVActivityIndicatorAnimationBallScaleRipple.swift in Sources */ = {isa = PBXBuildFile; fileRef = 9377C59F22F0CC1E00C40D09 /* NVActivityIndicatorAnimationBallScaleRipple.swift */; };
		9377C5C222F0CC1E00C40D09 /* NVActivityIndicatorAnimationBallSpinFadeLoader.swift in Sources */ = {isa = PBXBuildFile; fileRef = 9377C5A022F0CC1E00C40D09 /* NVActivityIndicatorAnimationBallSpinFadeLoader.swift */; };
		9377C5C322F0CC1E00C40D09 /* NVActivityIndicatorAnimationLineScale.swift in Sources */ = {isa = PBXBuildFile; fileRef = 9377C5A122F0CC1E00C40D09 /* NVActivityIndicatorAnimationLineScale.swift */; };
		9377C5C422F0CC1E00C40D09 /* NVActivityIndicatorAnimationSemiCircleSpin.swift in Sources */ = {isa = PBXBuildFile; fileRef = 9377C5A222F0CC1E00C40D09 /* NVActivityIndicatorAnimationSemiCircleSpin.swift */; };
		9377C5C822F0CC3600C40D09 /* NVActivityIndicatorAnimationDelegate.swift in Sources */ = {isa = PBXBuildFile; fileRef = 9377C5C522F0CC3600C40D09 /* NVActivityIndicatorAnimationDelegate.swift */; };
		9377C5C922F0CC3600C40D09 /* NVActivityIndicatorShape.swift in Sources */ = {isa = PBXBuildFile; fileRef = 9377C5C622F0CC3600C40D09 /* NVActivityIndicatorShape.swift */; };
		9377C5CA22F0CC3600C40D09 /* NVActivityIndicatorView.swift in Sources */ = {isa = PBXBuildFile; fileRef = 9377C5C722F0CC3600C40D09 /* NVActivityIndicatorView.swift */; };
		9377C5CD22F0CC4B00C40D09 /* NVActivityIndicatorPresenter.swift in Sources */ = {isa = PBXBuildFile; fileRef = 9377C5CB22F0CC4A00C40D09 /* NVActivityIndicatorPresenter.swift */; };
		9377C5CE22F0CC4B00C40D09 /* NVActivityIndicatorViewable.swift in Sources */ = {isa = PBXBuildFile; fileRef = 9377C5CC22F0CC4A00C40D09 /* NVActivityIndicatorViewable.swift */; };
		937C85A222E2733E00907BAD /* FLAnimatedImage.framework in Frameworks */ = {isa = PBXBuildFile; fileRef = 937C85A122E2733E00907BAD /* FLAnimatedImage.framework */; };
		938B310322D8D56A0030F7E2 /* GIFViewController.swift in Sources */ = {isa = PBXBuildFile; fileRef = 938B310222D8D56A0030F7E2 /* GIFViewController.swift */; };
		93AB3D5422D7EAA500FF1B16 /* DetailViewController.swift in Sources */ = {isa = PBXBuildFile; fileRef = 93AB3D5322D7EAA500FF1B16 /* DetailViewController.swift */; };
		93B0CCE622D7392500504DCA /* AppDelegate.swift in Sources */ = {isa = PBXBuildFile; fileRef = 93B0CCE522D7392500504DCA /* AppDelegate.swift */; };
		93B0CCE822D7392500504DCA /* SceneDelegate.swift in Sources */ = {isa = PBXBuildFile; fileRef = 93B0CCE722D7392500504DCA /* SceneDelegate.swift */; };
		93B0CCEA22D7392500504DCA /* ViewController.swift in Sources */ = {isa = PBXBuildFile; fileRef = 93B0CCE922D7392500504DCA /* ViewController.swift */; };
		93B0CCED22D7392500504DCA /* Main.storyboard in Resources */ = {isa = PBXBuildFile; fileRef = 93B0CCEB22D7392500504DCA /* Main.storyboard */; };
		93B0CCEF22D7392600504DCA /* Assets.xcassets in Resources */ = {isa = PBXBuildFile; fileRef = 93B0CCEE22D7392600504DCA /* Assets.xcassets */; };
		93B0CCF222D7392600504DCA /* LaunchScreen.storyboard in Resources */ = {isa = PBXBuildFile; fileRef = 93B0CCF022D7392600504DCA /* LaunchScreen.storyboard */; };
		93B0CCFD22D7392700504DCA /* VisualisationsUIKitTests.swift in Sources */ = {isa = PBXBuildFile; fileRef = 93B0CCFC22D7392700504DCA /* VisualisationsUIKitTests.swift */; };
		93B0CD0822D7392700504DCA /* VisualisationsUIKitUITests.swift in Sources */ = {isa = PBXBuildFile; fileRef = 93B0CD0722D7392700504DCA /* VisualisationsUIKitUITests.swift */; };
		93B0CD1622D73FD900504DCA /* TableViewCell.swift in Sources */ = {isa = PBXBuildFile; fileRef = 93B0CD1522D73FD900504DCA /* TableViewCell.swift */; };
		93BA817822E3228000CA6332 /* Models.swift in Sources */ = {isa = PBXBuildFile; fileRef = 93BA817722E3228000CA6332 /* Models.swift */; };
/* End PBXBuildFile section */

/* Begin PBXContainerItemProxy section */
		93B0CCF922D7392700504DCA /* PBXContainerItemProxy */ = {
			isa = PBXContainerItemProxy;
			containerPortal = 93B0CCDA22D7392500504DCA /* Project object */;
			proxyType = 1;
			remoteGlobalIDString = 93B0CCE122D7392500504DCA;
			remoteInfo = VisualisationsUIKit;
		};
		93B0CD0422D7392700504DCA /* PBXContainerItemProxy */ = {
			isa = PBXContainerItemProxy;
			containerPortal = 93B0CCDA22D7392500504DCA /* Project object */;
			proxyType = 1;
			remoteGlobalIDString = 93B0CCE122D7392500504DCA;
			remoteInfo = VisualisationsUIKit;
		};
/* End PBXContainerItemProxy section */

/* Begin PBXFileReference section */
		9304724E22D8885F007C6E43 /* MasterNavigationController.swift */ = {isa = PBXFileReference; lastKnownFileType = sourcecode.swift; path = MasterNavigationController.swift; sourceTree = "<group>"; };
		932C54F822E9C53500DCEC21 /* AnimatedLaunchScreenController.swift */ = {isa = PBXFileReference; lastKnownFileType = sourcecode.swift; path = AnimatedLaunchScreenController.swift; sourceTree = "<group>"; };
		932C54FA22E9C70D00DCEC21 /* SplashAnimationType.swift */ = {isa = PBXFileReference; fileEncoding = 4; lastKnownFileType = sourcecode.swift; name = SplashAnimationType.swift; path = Carthage/Checkouts/RevealingSplashView/RevealingSplashView/SplashAnimationType.swift; sourceTree = SOURCE_ROOT; };
		932C54FB22E9C70D00DCEC21 /* Animations.swift */ = {isa = PBXFileReference; fileEncoding = 4; lastKnownFileType = sourcecode.swift; name = Animations.swift; path = Carthage/Checkouts/RevealingSplashView/RevealingSplashView/Animations.swift; sourceTree = SOURCE_ROOT; };
		932C54FC22E9C70D00DCEC21 /* RevealingSplashView.swift */ = {isa = PBXFileReference; fileEncoding = 4; lastKnownFileType = sourcecode.swift; name = RevealingSplashView.swift; path = Carthage/Checkouts/RevealingSplashView/RevealingSplashView/RevealingSplashView.swift; sourceTree = SOURCE_ROOT; };
		932C54FD22E9C70D00DCEC21 /* SplashAnimatable.swift */ = {isa = PBXFileReference; fileEncoding = 4; lastKnownFileType = sourcecode.swift; name = SplashAnimatable.swift; path = Carthage/Checkouts/RevealingSplashView/RevealingSplashView/SplashAnimatable.swift; sourceTree = SOURCE_ROOT; };
		9343E1E922E9EACD000CDCC1 /* ReplaceSegue.swift */ = {isa = PBXFileReference; lastKnownFileType = sourcecode.swift; path = ReplaceSegue.swift; sourceTree = "<group>"; };
		9343E1EB22EB051E000CDCC1 /* Reachability.swift */ = {isa = PBXFileReference; lastKnownFileType = sourcecode.swift; path = Reachability.swift; sourceTree = "<group>"; };
		93665C5522DC81ED0065092A /* WebKit.framework */ = {isa = PBXFileReference; lastKnownFileType = wrapper.framework; name = WebKit.framework; path = System/Library/Frameworks/WebKit.framework; sourceTree = SDKROOT; };
		93665C5722DC8AF40065092A /* SDWebImage.framework */ = {isa = PBXFileReference; lastKnownFileType = wrapper.framework; name = SDWebImage.framework; path = Carthage/Build/iOS/SDWebImage.framework; sourceTree = "<group>"; };
		9377C58122F0CC1A00C40D09 /* NVActivityIndicatorAnimationBallZigZagDeflect.swift */ = {isa = PBXFileReference; lastKnownFileType = sourcecode.swift; name = NVActivityIndicatorAnimationBallZigZagDeflect.swift; path = ../VisualisationsUIKit/NVActivityIndicatorView/Source/NVActivityIndicatorView/Animations/NVActivityIndicatorAnimationBallZigZagDeflect.swift; sourceTree = "<group>"; };
		9377C58222F0CC1A00C40D09 /* NVActivityIndicatorAnimationBallScaleMultiple.swift */ = {isa = PBXFileReference; lastKnownFileType = sourcecode.swift; name = NVActivityIndicatorAnimationBallScaleMultiple.swift; path = ../VisualisationsUIKit/NVActivityIndicatorView/Source/NVActivityIndicatorView/Animations/NVActivityIndicatorAnimationBallScaleMultiple.swift; sourceTree = "<group>"; };
		9377C58322F0CC1A00C40D09 /* NVActivityIndicatorAnimationLineScalePulseOutRapid.swift */ = {isa = PBXFileReference; lastKnownFileType = sourcecode.swift; name = NVActivityIndicatorAnimationLineScalePulseOutRapid.swift; path = ../VisualisationsUIKit/NVActivityIndicatorView/Source/NVActivityIndicatorView/Animations/NVActivityIndicatorAnimationLineScalePulseOutRapid.swift; sourceTree = "<group>"; };
		9377C58422F0CC1A00C40D09 /* NVActivityIndicatorAnimationBallRotateChase.swift */ = {isa = PBXFileReference; lastKnownFileType = sourcecode.swift; name = NVActivityIndicatorAnimationBallRotateChase.swift; path = ../VisualisationsUIKit/NVActivityIndicatorView/Source/NVActivityIndicatorView/Animations/NVActivityIndicatorAnimationBallRotateChase.swift; sourceTree = "<group>"; };
		9377C58522F0CC1B00C40D09 /* NVActivityIndicatorAnimationBallPulseSync.swift */ = {isa = PBXFileReference; lastKnownFileType = sourcecode.swift; name = NVActivityIndicatorAnimationBallPulseSync.swift; path = ../VisualisationsUIKit/NVActivityIndicatorView/Source/NVActivityIndicatorView/Animations/NVActivityIndicatorAnimationBallPulseSync.swift; sourceTree = "<group>"; };
		9377C58622F0CC1B00C40D09 /* NVActivityIndicatorAnimationBallScaleRippleMultiple.swift */ = {isa = PBXFileReference; lastKnownFileType = sourcecode.swift; name = NVActivityIndicatorAnimationBallScaleRippleMultiple.swift; path = ../VisualisationsUIKit/NVActivityIndicatorView/Source/NVActivityIndicatorView/Animations/NVActivityIndicatorAnimationBallScaleRippleMultiple.swift; sourceTree = "<group>"; };
		9377C58722F0CC1B00C40D09 /* NVActivityIndicatorAnimationCubeTransition.swift */ = {isa = PBXFileReference; lastKnownFileType = sourcecode.swift; name = NVActivityIndicatorAnimationCubeTransition.swift; path = ../VisualisationsUIKit/NVActivityIndicatorView/Source/NVActivityIndicatorView/Animations/NVActivityIndicatorAnimationCubeTransition.swift; sourceTree = "<group>"; };
		9377C58822F0CC1B00C40D09 /* NVActivityIndicatorAnimationBallBeat.swift */ = {isa = PBXFileReference; lastKnownFileType = sourcecode.swift; name = NVActivityIndicatorAnimationBallBeat.swift; path = ../VisualisationsUIKit/NVActivityIndicatorView/Source/NVActivityIndicatorView/Animations/NVActivityIndicatorAnimationBallBeat.swift; sourceTree = "<group>"; };
		9377C58922F0CC1B00C40D09 /* NVActivityIndicatorAnimationBallRotate.swift */ = {isa = PBXFileReference; lastKnownFileType = sourcecode.swift; name = NVActivityIndicatorAnimationBallRotate.swift; path = ../VisualisationsUIKit/NVActivityIndicatorView/Source/NVActivityIndicatorView/Animations/NVActivityIndicatorAnimationBallRotate.swift; sourceTree = "<group>"; };
		9377C58A22F0CC1B00C40D09 /* NVActivityIndicatorAnimationLineSpinFadeLoader.swift */ = {isa = PBXFileReference; lastKnownFileType = sourcecode.swift; name = NVActivityIndicatorAnimationLineSpinFadeLoader.swift; path = ../VisualisationsUIKit/NVActivityIndicatorView/Source/NVActivityIndicatorView/Animations/NVActivityIndicatorAnimationLineSpinFadeLoader.swift; sourceTree = "<group>"; };
		9377C58B22F0CC1B00C40D09 /* NVActivityIndicatorAnimationBallDoubleBounce.swift */ = {isa = PBXFileReference; lastKnownFileType = sourcecode.swift; name = NVActivityIndicatorAnimationBallDoubleBounce.swift; path = ../VisualisationsUIKit/NVActivityIndicatorView/Source/NVActivityIndicatorView/Animations/NVActivityIndicatorAnimationBallDoubleBounce.swift; sourceTree = "<group>"; };
		9377C58C22F0CC1B00C40D09 /* NVActivityIndicatorAnimationCircleStrokeSpin.swift */ = {isa = PBXFileReference; lastKnownFileType = sourcecode.swift; name = NVActivityIndicatorAnimationCircleStrokeSpin.swift; path = ../VisualisationsUIKit/NVActivityIndicatorView/Source/NVActivityIndicatorView/Animations/NVActivityIndicatorAnimationCircleStrokeSpin.swift; sourceTree = "<group>"; };
		9377C58D22F0CC1C00C40D09 /* NVActivityIndicatorAnimationBallGridPulse.swift */ = {isa = PBXFileReference; lastKnownFileType = sourcecode.swift; name = NVActivityIndicatorAnimationBallGridPulse.swift; path = ../VisualisationsUIKit/NVActivityIndicatorView/Source/NVActivityIndicatorView/Animations/NVActivityIndicatorAnimationBallGridPulse.swift; sourceTree = "<group>"; };
		9377C58E22F0CC1C00C40D09 /* NVActivityIndicatorAnimationAudioEqualizer.swift */ = {isa = PBXFileReference; lastKnownFileType = sourcecode.swift; name = NVActivityIndicatorAnimationAudioEqualizer.swift; path = ../VisualisationsUIKit/NVActivityIndicatorView/Source/NVActivityIndicatorView/Animations/NVActivityIndicatorAnimationAudioEqualizer.swift; sourceTree = "<group>"; };
		9377C58F22F0CC1C00C40D09 /* NVActivityIndicatorAnimationLineScalePulseOut.swift */ = {isa = PBXFileReference; lastKnownFileType = sourcecode.swift; name = NVActivityIndicatorAnimationLineScalePulseOut.swift; path = ../VisualisationsUIKit/NVActivityIndicatorView/Source/NVActivityIndicatorView/Animations/NVActivityIndicatorAnimationLineScalePulseOut.swift; sourceTree = "<group>"; };
		9377C59022F0CC1C00C40D09 /* NVActivityIndicatorAnimationSquareSpin.swift */ = {isa = PBXFileReference; lastKnownFileType = sourcecode.swift; name = NVActivityIndicatorAnimationSquareSpin.swift; path = ../VisualisationsUIKit/NVActivityIndicatorView/Source/NVActivityIndicatorView/Animations/NVActivityIndicatorAnimationSquareSpin.swift; sourceTree = "<group>"; };
		9377C59122F0CC1C00C40D09 /* NVActivityIndicatorAnimationBlank.swift */ = {isa = PBXFileReference; lastKnownFileType = sourcecode.swift; name = NVActivityIndicatorAnimationBlank.swift; path = ../VisualisationsUIKit/NVActivityIndicatorView/Source/NVActivityIndicatorView/Animations/NVActivityIndicatorAnimationBlank.swift; sourceTree = "<group>"; };
		9377C59222F0CC1C00C40D09 /* NVActivityIndicatorAnimationBallPulseRise.swift */ = {isa = PBXFileReference; lastKnownFileType = sourcecode.swift; name = NVActivityIndicatorAnimationBallPulseRise.swift; path = ../VisualisationsUIKit/NVActivityIndicatorView/Source/NVActivityIndicatorView/Animations/NVActivityIndicatorAnimationBallPulseRise.swift; sourceTree = "<group>"; };
		9377C59322F0CC1C00C40D09 /* NVActivityIndicatorAnimationTriangleSkewSpin.swift */ = {isa = PBXFileReference; lastKnownFileType = sourcecode.swift; name = NVActivityIndicatorAnimationTriangleSkewSpin.swift; path = ../VisualisationsUIKit/NVActivityIndicatorView/Source/NVActivityIndicatorView/Animations/NVActivityIndicatorAnimationTriangleSkewSpin.swift; sourceTree = "<group>"; };
		9377C59422F0CC1C00C40D09 /* NVActivityIndicatorAnimationBallClipRotate.swift */ = {isa = PBXFileReference; lastKnownFileType = sourcecode.swift; name = NVActivityIndicatorAnimationBallClipRotate.swift; path = ../VisualisationsUIKit/NVActivityIndicatorView/Source/NVActivityIndicatorView/Animations/NVActivityIndicatorAnimationBallClipRotate.swift; sourceTree = "<group>"; };
		9377C59522F0CC1D00C40D09 /* NVActivityIndicatorAnimationBallScale.swift */ = {isa = PBXFileReference; lastKnownFileType = sourcecode.swift; name = NVActivityIndicatorAnimationBallScale.swift; path = ../VisualisationsUIKit/NVActivityIndicatorView/Source/NVActivityIndicatorView/Animations/NVActivityIndicatorAnimationBallScale.swift; sourceTree = "<group>"; };
		9377C59622F0CC1D00C40D09 /* NVActivityIndicatorAnimationBallTrianglePath.swift */ = {isa = PBXFileReference; lastKnownFileType = sourcecode.swift; name = NVActivityIndicatorAnimationBallTrianglePath.swift; path = ../VisualisationsUIKit/NVActivityIndicatorView/Source/NVActivityIndicatorView/Animations/NVActivityIndicatorAnimationBallTrianglePath.swift; sourceTree = "<group>"; };
		9377C59722F0CC1D00C40D09 /* NVActivityIndicatorAnimationOrbit.swift */ = {isa = PBXFileReference; lastKnownFileType = sourcecode.swift; name = NVActivityIndicatorAnimationOrbit.swift; path = ../VisualisationsUIKit/NVActivityIndicatorView/Source/NVActivityIndicatorView/Animations/NVActivityIndicatorAnimationOrbit.swift; sourceTree = "<group>"; };
		9377C59822F0CC1D00C40D09 /* NVActivityIndicatorAnimationBallGridBeat.swift */ = {isa = PBXFileReference; lastKnownFileType = sourcecode.swift; name = NVActivityIndicatorAnimationBallGridBeat.swift; path = ../VisualisationsUIKit/NVActivityIndicatorView/Source/NVActivityIndicatorView/Animations/NVActivityIndicatorAnimationBallGridBeat.swift; sourceTree = "<group>"; };
		9377C59922F0CC1D00C40D09 /* NVActivityIndicatorAnimationBallClipRotatePulse.swift */ = {isa = PBXFileReference; lastKnownFileType = sourcecode.swift; name = NVActivityIndicatorAnimationBallClipRotatePulse.swift; path = ../VisualisationsUIKit/NVActivityIndicatorView/Source/NVActivityIndicatorView/Animations/NVActivityIndicatorAnimationBallClipRotatePulse.swift; sourceTree = "<group>"; };
		9377C59A22F0CC1D00C40D09 /* NVActivityIndicatorAnimationBallZigZag.swift */ = {isa = PBXFileReference; lastKnownFileType = sourcecode.swift; name = NVActivityIndicatorAnimationBallZigZag.swift; path = ../VisualisationsUIKit/NVActivityIndicatorView/Source/NVActivityIndicatorView/Animations/NVActivityIndicatorAnimationBallZigZag.swift; sourceTree = "<group>"; };
		9377C59B22F0CC1D00C40D09 /* NVActivityIndicatorAnimationPacman.swift */ = {isa = PBXFileReference; lastKnownFileType = sourcecode.swift; name = NVActivityIndicatorAnimationPacman.swift; path = ../VisualisationsUIKit/NVActivityIndicatorView/Source/NVActivityIndicatorView/Animations/NVActivityIndicatorAnimationPacman.swift; sourceTree = "<group>"; };
		9377C59C22F0CC1D00C40D09 /* NVActivityIndicatorAnimationBallClipRotateMultiple.swift */ = {isa = PBXFileReference; lastKnownFileType = sourcecode.swift; name = NVActivityIndicatorAnimationBallClipRotateMultiple.swift; path = ../VisualisationsUIKit/NVActivityIndicatorView/Source/NVActivityIndicatorView/Animations/NVActivityIndicatorAnimationBallClipRotateMultiple.swift; sourceTree = "<group>"; };
		9377C59D22F0CC1D00C40D09 /* NVActivityIndicatorAnimationBallPulse.swift */ = {isa = PBXFileReference; lastKnownFileType = sourcecode.swift; name = NVActivityIndicatorAnimationBallPulse.swift; path = ../VisualisationsUIKit/NVActivityIndicatorView/Source/NVActivityIndicatorView/Animations/NVActivityIndicatorAnimationBallPulse.swift; sourceTree = "<group>"; };
		9377C59E22F0CC1E00C40D09 /* NVActivityIndicatorAnimationLineScaleParty.swift */ = {isa = PBXFileReference; lastKnownFileType = sourcecode.swift; name = NVActivityIndicatorAnimationLineScaleParty.swift; path = ../VisualisationsUIKit/NVActivityIndicatorView/Source/NVActivityIndicatorView/Animations/NVActivityIndicatorAnimationLineScaleParty.swift; sourceTree = "<group>"; };
		9377C59F22F0CC1E00C40D09 /* NVActivityIndicatorAnimationBallScaleRipple.swift */ = {isa = PBXFileReference; lastKnownFileType = sourcecode.swift; name = NVActivityIndicatorAnimationBallScaleRipple.swift; path = ../VisualisationsUIKit/NVActivityIndicatorView/Source/NVActivityIndicatorView/Animations/NVActivityIndicatorAnimationBallScaleRipple.swift; sourceTree = "<group>"; };
		9377C5A022F0CC1E00C40D09 /* NVActivityIndicatorAnimationBallSpinFadeLoader.swift */ = {isa = PBXFileReference; lastKnownFileType = sourcecode.swift; name = NVActivityIndicatorAnimationBallSpinFadeLoader.swift; path = ../VisualisationsUIKit/NVActivityIndicatorView/Source/NVActivityIndicatorView/Animations/NVActivityIndicatorAnimationBallSpinFadeLoader.swift; sourceTree = "<group>"; };
		9377C5A122F0CC1E00C40D09 /* NVActivityIndicatorAnimationLineScale.swift */ = {isa = PBXFileReference; lastKnownFileType = sourcecode.swift; name = NVActivityIndicatorAnimationLineScale.swift; path = ../VisualisationsUIKit/NVActivityIndicatorView/Source/NVActivityIndicatorView/Animations/NVActivityIndicatorAnimationLineScale.swift; sourceTree = "<group>"; };
		9377C5A222F0CC1E00C40D09 /* NVActivityIndicatorAnimationSemiCircleSpin.swift */ = {isa = PBXFileReference; lastKnownFileType = sourcecode.swift; name = NVActivityIndicatorAnimationSemiCircleSpin.swift; path = ../VisualisationsUIKit/NVActivityIndicatorView/Source/NVActivityIndicatorView/Animations/NVActivityIndicatorAnimationSemiCircleSpin.swift; sourceTree = "<group>"; };
		9377C5C522F0CC3600C40D09 /* NVActivityIndicatorAnimationDelegate.swift */ = {isa = PBXFileReference; lastKnownFileType = sourcecode.swift; name = NVActivityIndicatorAnimationDelegate.swift; path = ../VisualisationsUIKit/NVActivityIndicatorView/Source/NVActivityIndicatorView/NVActivityIndicatorAnimationDelegate.swift; sourceTree = "<group>"; };
		9377C5C622F0CC3600C40D09 /* NVActivityIndicatorShape.swift */ = {isa = PBXFileReference; lastKnownFileType = sourcecode.swift; name = NVActivityIndicatorShape.swift; path = ../VisualisationsUIKit/NVActivityIndicatorView/Source/NVActivityIndicatorView/NVActivityIndicatorShape.swift; sourceTree = "<group>"; };
		9377C5C722F0CC3600C40D09 /* NVActivityIndicatorView.swift */ = {isa = PBXFileReference; lastKnownFileType = sourcecode.swift; name = NVActivityIndicatorView.swift; path = ../VisualisationsUIKit/NVActivityIndicatorView/Source/NVActivityIndicatorView/NVActivityIndicatorView.swift; sourceTree = "<group>"; };
		9377C5CB22F0CC4A00C40D09 /* NVActivityIndicatorPresenter.swift */ = {isa = PBXFileReference; lastKnownFileType = sourcecode.swift; name = NVActivityIndicatorPresenter.swift; path = ../VisualisationsUIKit/NVActivityIndicatorView/Source/NVActivityIndicatorView/Presenter/NVActivityIndicatorPresenter.swift; sourceTree = "<group>"; };
		9377C5CC22F0CC4A00C40D09 /* NVActivityIndicatorViewable.swift */ = {isa = PBXFileReference; lastKnownFileType = sourcecode.swift; name = NVActivityIndicatorViewable.swift; path = ../VisualisationsUIKit/NVActivityIndicatorView/Source/NVActivityIndicatorView/Presenter/NVActivityIndicatorViewable.swift; sourceTree = "<group>"; };
		937C85A122E2733E00907BAD /* FLAnimatedImage.framework */ = {isa = PBXFileReference; lastKnownFileType = wrapper.framework; name = FLAnimatedImage.framework; path = Carthage/Build/iOS/FLAnimatedImage.framework; sourceTree = "<group>"; };
		938B310222D8D56A0030F7E2 /* GIFViewController.swift */ = {isa = PBXFileReference; lastKnownFileType = sourcecode.swift; path = GIFViewController.swift; sourceTree = "<group>"; };
		93AB3D5322D7EAA500FF1B16 /* DetailViewController.swift */ = {isa = PBXFileReference; lastKnownFileType = sourcecode.swift; path = DetailViewController.swift; sourceTree = "<group>"; };
		93B0CCE222D7392500504DCA /* VisualisationsUIKit.app */ = {isa = PBXFileReference; explicitFileType = wrapper.application; includeInIndex = 0; path = VisualisationsUIKit.app; sourceTree = BUILT_PRODUCTS_DIR; };
		93B0CCE522D7392500504DCA /* AppDelegate.swift */ = {isa = PBXFileReference; lastKnownFileType = sourcecode.swift; path = AppDelegate.swift; sourceTree = "<group>"; };
		93B0CCE722D7392500504DCA /* SceneDelegate.swift */ = {isa = PBXFileReference; lastKnownFileType = sourcecode.swift; path = SceneDelegate.swift; sourceTree = "<group>"; };
		93B0CCE922D7392500504DCA /* ViewController.swift */ = {isa = PBXFileReference; lastKnownFileType = sourcecode.swift; path = ViewController.swift; sourceTree = "<group>"; };
		93B0CCEC22D7392500504DCA /* Base */ = {isa = PBXFileReference; lastKnownFileType = file.storyboard; name = Base; path = Base.lproj/Main.storyboard; sourceTree = "<group>"; };
		93B0CCEE22D7392600504DCA /* Assets.xcassets */ = {isa = PBXFileReference; lastKnownFileType = folder.assetcatalog; path = Assets.xcassets; sourceTree = "<group>"; };
		93B0CCF122D7392600504DCA /* Base */ = {isa = PBXFileReference; lastKnownFileType = file.storyboard; name = Base; path = Base.lproj/LaunchScreen.storyboard; sourceTree = "<group>"; };
		93B0CCF322D7392600504DCA /* Info.plist */ = {isa = PBXFileReference; lastKnownFileType = text.plist.xml; path = Info.plist; sourceTree = "<group>"; };
		93B0CCF822D7392700504DCA /* VisualisationsUIKitTests.xctest */ = {isa = PBXFileReference; explicitFileType = wrapper.cfbundle; includeInIndex = 0; path = VisualisationsUIKitTests.xctest; sourceTree = BUILT_PRODUCTS_DIR; };
		93B0CCFC22D7392700504DCA /* VisualisationsUIKitTests.swift */ = {isa = PBXFileReference; lastKnownFileType = sourcecode.swift; path = VisualisationsUIKitTests.swift; sourceTree = "<group>"; };
		93B0CCFE22D7392700504DCA /* Info.plist */ = {isa = PBXFileReference; lastKnownFileType = text.plist.xml; path = Info.plist; sourceTree = "<group>"; };
		93B0CD0322D7392700504DCA /* VisualisationsUIKitUITests.xctest */ = {isa = PBXFileReference; explicitFileType = wrapper.cfbundle; includeInIndex = 0; path = VisualisationsUIKitUITests.xctest; sourceTree = BUILT_PRODUCTS_DIR; };
		93B0CD0722D7392700504DCA /* VisualisationsUIKitUITests.swift */ = {isa = PBXFileReference; lastKnownFileType = sourcecode.swift; path = VisualisationsUIKitUITests.swift; sourceTree = "<group>"; };
		93B0CD0922D7392700504DCA /* Info.plist */ = {isa = PBXFileReference; lastKnownFileType = text.plist.xml; path = Info.plist; sourceTree = "<group>"; };
		93B0CD1522D73FD900504DCA /* TableViewCell.swift */ = {isa = PBXFileReference; lastKnownFileType = sourcecode.swift; path = TableViewCell.swift; sourceTree = "<group>"; };
		93BA817722E3228000CA6332 /* Models.swift */ = {isa = PBXFileReference; lastKnownFileType = sourcecode.swift; path = Models.swift; sourceTree = "<group>"; };
/* End PBXFileReference section */

/* Begin PBXFrameworksBuildPhase section */
		93B0CCDF22D7392500504DCA /* Frameworks */ = {
			isa = PBXFrameworksBuildPhase;
			buildActionMask = 2147483647;
			files = (
				93665C5822DC8AF40065092A /* SDWebImage.framework in Frameworks */,
				937C85A222E2733E00907BAD /* FLAnimatedImage.framework in Frameworks */,
				93665C5622DC81ED0065092A /* WebKit.framework in Frameworks */,
			);
			runOnlyForDeploymentPostprocessing = 0;
		};
		93B0CCF522D7392700504DCA /* Frameworks */ = {
			isa = PBXFrameworksBuildPhase;
			buildActionMask = 2147483647;
			files = (
			);
			runOnlyForDeploymentPostprocessing = 0;
		};
		93B0CD0022D7392700504DCA /* Frameworks */ = {
			isa = PBXFrameworksBuildPhase;
			buildActionMask = 2147483647;
			files = (
			);
			runOnlyForDeploymentPostprocessing = 0;
		};
/* End PBXFrameworksBuildPhase section */

/* Begin PBXGroup section */
		93665C5422DC81ED0065092A /* Frameworks */ = {
			isa = PBXGroup;
			children = (
				937C85A122E2733E00907BAD /* FLAnimatedImage.framework */,
				93665C5722DC8AF40065092A /* SDWebImage.framework */,
				93665C5522DC81ED0065092A /* WebKit.framework */,
			);
			name = Frameworks;
			sourceTree = "<group>";
		};
		9377C5CF22F0CC5000C40D09 /* NVActivityIndicatorView */ = {
			isa = PBXGroup;
			children = (
				9377C5CB22F0CC4A00C40D09 /* NVActivityIndicatorPresenter.swift */,
				9377C5CC22F0CC4A00C40D09 /* NVActivityIndicatorViewable.swift */,
				9377C5C522F0CC3600C40D09 /* NVActivityIndicatorAnimationDelegate.swift */,
				9377C5C622F0CC3600C40D09 /* NVActivityIndicatorShape.swift */,
				9377C5C722F0CC3600C40D09 /* NVActivityIndicatorView.swift */,
				9377C58E22F0CC1C00C40D09 /* NVActivityIndicatorAnimationAudioEqualizer.swift */,
				9377C58822F0CC1B00C40D09 /* NVActivityIndicatorAnimationBallBeat.swift */,
				9377C59422F0CC1C00C40D09 /* NVActivityIndicatorAnimationBallClipRotate.swift */,
				9377C59C22F0CC1D00C40D09 /* NVActivityIndicatorAnimationBallClipRotateMultiple.swift */,
				9377C59922F0CC1D00C40D09 /* NVActivityIndicatorAnimationBallClipRotatePulse.swift */,
				9377C58B22F0CC1B00C40D09 /* NVActivityIndicatorAnimationBallDoubleBounce.swift */,
				9377C59822F0CC1D00C40D09 /* NVActivityIndicatorAnimationBallGridBeat.swift */,
				9377C58D22F0CC1C00C40D09 /* NVActivityIndicatorAnimationBallGridPulse.swift */,
				9377C59D22F0CC1D00C40D09 /* NVActivityIndicatorAnimationBallPulse.swift */,
				9377C59222F0CC1C00C40D09 /* NVActivityIndicatorAnimationBallPulseRise.swift */,
				9377C58522F0CC1B00C40D09 /* NVActivityIndicatorAnimationBallPulseSync.swift */,
				9377C58922F0CC1B00C40D09 /* NVActivityIndicatorAnimationBallRotate.swift */,
				9377C58422F0CC1A00C40D09 /* NVActivityIndicatorAnimationBallRotateChase.swift */,
				9377C59522F0CC1D00C40D09 /* NVActivityIndicatorAnimationBallScale.swift */,
				9377C58222F0CC1A00C40D09 /* NVActivityIndicatorAnimationBallScaleMultiple.swift */,
				9377C59F22F0CC1E00C40D09 /* NVActivityIndicatorAnimationBallScaleRipple.swift */,
				9377C58622F0CC1B00C40D09 /* NVActivityIndicatorAnimationBallScaleRippleMultiple.swift */,
				9377C5A022F0CC1E00C40D09 /* NVActivityIndicatorAnimationBallSpinFadeLoader.swift */,
				9377C59622F0CC1D00C40D09 /* NVActivityIndicatorAnimationBallTrianglePath.swift */,
				9377C59A22F0CC1D00C40D09 /* NVActivityIndicatorAnimationBallZigZag.swift */,
				9377C58122F0CC1A00C40D09 /* NVActivityIndicatorAnimationBallZigZagDeflect.swift */,
				9377C59122F0CC1C00C40D09 /* NVActivityIndicatorAnimationBlank.swift */,
				9377C58C22F0CC1B00C40D09 /* NVActivityIndicatorAnimationCircleStrokeSpin.swift */,
				9377C58722F0CC1B00C40D09 /* NVActivityIndicatorAnimationCubeTransition.swift */,
				9377C5A122F0CC1E00C40D09 /* NVActivityIndicatorAnimationLineScale.swift */,
				9377C59E22F0CC1E00C40D09 /* NVActivityIndicatorAnimationLineScaleParty.swift */,
				9377C58F22F0CC1C00C40D09 /* NVActivityIndicatorAnimationLineScalePulseOut.swift */,
				9377C58322F0CC1A00C40D09 /* NVActivityIndicatorAnimationLineScalePulseOutRapid.swift */,
				9377C58A22F0CC1B00C40D09 /* NVActivityIndicatorAnimationLineSpinFadeLoader.swift */,
				9377C59722F0CC1D00C40D09 /* NVActivityIndicatorAnimationOrbit.swift */,
				9377C59B22F0CC1D00C40D09 /* NVActivityIndicatorAnimationPacman.swift */,
				9377C5A222F0CC1E00C40D09 /* NVActivityIndicatorAnimationSemiCircleSpin.swift */,
				9377C59022F0CC1C00C40D09 /* NVActivityIndicatorAnimationSquareSpin.swift */,
				9377C59322F0CC1C00C40D09 /* NVActivityIndicatorAnimationTriangleSkewSpin.swift */,
			);
			path = NVActivityIndicatorView;
			sourceTree = "<group>";
		};
		93B0CCD922D7392500504DCA = {
			isa = PBXGroup;
			children = (
				9377C5CF22F0CC5000C40D09 /* NVActivityIndicatorView */,
				93B0CCE422D7392500504DCA /* VisualisationsUIKit */,
				93B0CCFB22D7392700504DCA /* VisualisationsUIKitTests */,
				93B0CD0622D7392700504DCA /* VisualisationsUIKitUITests */,
				93B0CCE322D7392500504DCA /* Products */,
				93665C5422DC81ED0065092A /* Frameworks */,
			);
			sourceTree = "<group>";
		};
		93B0CCE322D7392500504DCA /* Products */ = {
			isa = PBXGroup;
			children = (
				93B0CCE222D7392500504DCA /* VisualisationsUIKit.app */,
				93B0CCF822D7392700504DCA /* VisualisationsUIKitTests.xctest */,
				93B0CD0322D7392700504DCA /* VisualisationsUIKitUITests.xctest */,
			);
			name = Products;
			sourceTree = "<group>";
		};
		93B0CCE422D7392500504DCA /* VisualisationsUIKit */ = {
			isa = PBXGroup;
			children = (
				93B0CCE522D7392500504DCA /* AppDelegate.swift */,
				93B0CCE722D7392500504DCA /* SceneDelegate.swift */,
				9304724E22D8885F007C6E43 /* MasterNavigationController.swift */,
				93B0CD1522D73FD900504DCA /* TableViewCell.swift */,
				93BA817722E3228000CA6332 /* Models.swift */,
				93B0CCE922D7392500504DCA /* ViewController.swift */,
				932C54F822E9C53500DCEC21 /* AnimatedLaunchScreenController.swift */,
				9343E1E922E9EACD000CDCC1 /* ReplaceSegue.swift */,
				938B310222D8D56A0030F7E2 /* GIFViewController.swift */,
				93AB3D5322D7EAA500FF1B16 /* DetailViewController.swift */,
				93B0CCEB22D7392500504DCA /* Main.storyboard */,
				93B0CCEE22D7392600504DCA /* Assets.xcassets */,
				9343E1EB22EB051E000CDCC1 /* Reachability.swift */,
				932C54FB22E9C70D00DCEC21 /* Animations.swift */,
				932C54FC22E9C70D00DCEC21 /* RevealingSplashView.swift */,
				932C54FD22E9C70D00DCEC21 /* SplashAnimatable.swift */,
				932C54FA22E9C70D00DCEC21 /* SplashAnimationType.swift */,
				93B0CCF022D7392600504DCA /* LaunchScreen.storyboard */,
				93B0CCF322D7392600504DCA /* Info.plist */,
			);
			path = VisualisationsUIKit;
			sourceTree = "<group>";
		};
		93B0CCFB22D7392700504DCA /* VisualisationsUIKitTests */ = {
			isa = PBXGroup;
			children = (
				93B0CCFC22D7392700504DCA /* VisualisationsUIKitTests.swift */,
				93B0CCFE22D7392700504DCA /* Info.plist */,
			);
			path = VisualisationsUIKitTests;
			sourceTree = "<group>";
		};
		93B0CD0622D7392700504DCA /* VisualisationsUIKitUITests */ = {
			isa = PBXGroup;
			children = (
				93B0CD0722D7392700504DCA /* VisualisationsUIKitUITests.swift */,
				93B0CD0922D7392700504DCA /* Info.plist */,
			);
			path = VisualisationsUIKitUITests;
			sourceTree = "<group>";
		};
/* End PBXGroup section */

/* Begin PBXNativeTarget section */
		93B0CCE122D7392500504DCA /* VisualisationsUIKit */ = {
			isa = PBXNativeTarget;
			buildConfigurationList = 93B0CD0C22D7392700504DCA /* Build configuration list for PBXNativeTarget "VisualisationsUIKit" */;
			buildPhases = (
				93B0CCDE22D7392500504DCA /* Sources */,
				93B0CCDF22D7392500504DCA /* Frameworks */,
				93B0CCE022D7392500504DCA /* Resources */,
				93665C5922DC8BCF0065092A /* Carthage Copy Frameworks */,
			);
			buildRules = (
			);
			dependencies = (
			);
			name = VisualisationsUIKit;
			productName = VisualisationsUIKit;
			productReference = 93B0CCE222D7392500504DCA /* VisualisationsUIKit.app */;
			productType = "com.apple.product-type.application";
		};
		93B0CCF722D7392700504DCA /* VisualisationsUIKitTests */ = {
			isa = PBXNativeTarget;
			buildConfigurationList = 93B0CD0F22D7392700504DCA /* Build configuration list for PBXNativeTarget "VisualisationsUIKitTests" */;
			buildPhases = (
				93B0CCF422D7392700504DCA /* Sources */,
				93B0CCF522D7392700504DCA /* Frameworks */,
				93B0CCF622D7392700504DCA /* Resources */,
			);
			buildRules = (
			);
			dependencies = (
				93B0CCFA22D7392700504DCA /* PBXTargetDependency */,
			);
			name = VisualisationsUIKitTests;
			productName = VisualisationsUIKitTests;
			productReference = 93B0CCF822D7392700504DCA /* VisualisationsUIKitTests.xctest */;
			productType = "com.apple.product-type.bundle.unit-test";
		};
		93B0CD0222D7392700504DCA /* VisualisationsUIKitUITests */ = {
			isa = PBXNativeTarget;
			buildConfigurationList = 93B0CD1222D7392700504DCA /* Build configuration list for PBXNativeTarget "VisualisationsUIKitUITests" */;
			buildPhases = (
				93B0CCFF22D7392700504DCA /* Sources */,
				93B0CD0022D7392700504DCA /* Frameworks */,
				93B0CD0122D7392700504DCA /* Resources */,
			);
			buildRules = (
			);
			dependencies = (
				93B0CD0522D7392700504DCA /* PBXTargetDependency */,
			);
			name = VisualisationsUIKitUITests;
			productName = VisualisationsUIKitUITests;
			productReference = 93B0CD0322D7392700504DCA /* VisualisationsUIKitUITests.xctest */;
			productType = "com.apple.product-type.bundle.ui-testing";
		};
/* End PBXNativeTarget section */

/* Begin PBXProject section */
		93B0CCDA22D7392500504DCA /* Project object */ = {
			isa = PBXProject;
			attributes = {
				LastSwiftUpdateCheck = 1100;
				LastUpgradeCheck = 1100;
				ORGANIZATIONNAME = "Vedant Varshney";
				TargetAttributes = {
					93B0CCE122D7392500504DCA = {
						CreatedOnToolsVersion = 11.0;
					};
					93B0CCF722D7392700504DCA = {
						CreatedOnToolsVersion = 11.0;
						TestTargetID = 93B0CCE122D7392500504DCA;
					};
					93B0CD0222D7392700504DCA = {
						CreatedOnToolsVersion = 11.0;
						TestTargetID = 93B0CCE122D7392500504DCA;
					};
				};
			};
			buildConfigurationList = 93B0CCDD22D7392500504DCA /* Build configuration list for PBXProject "VisualisationsUIKit" */;
			compatibilityVersion = "Xcode 9.3";
			developmentRegion = en;
			hasScannedForEncodings = 0;
			knownRegions = (
				en,
				Base,
			);
			mainGroup = 93B0CCD922D7392500504DCA;
			productRefGroup = 93B0CCE322D7392500504DCA /* Products */;
			projectDirPath = "";
			projectRoot = "";
			targets = (
				93B0CCE122D7392500504DCA /* VisualisationsUIKit */,
				93B0CCF722D7392700504DCA /* VisualisationsUIKitTests */,
				93B0CD0222D7392700504DCA /* VisualisationsUIKitUITests */,
			);
		};
/* End PBXProject section */

/* Begin PBXResourcesBuildPhase section */
		93B0CCE022D7392500504DCA /* Resources */ = {
			isa = PBXResourcesBuildPhase;
			buildActionMask = 2147483647;
			files = (
				93B0CCF222D7392600504DCA /* LaunchScreen.storyboard in Resources */,
				93B0CCEF22D7392600504DCA /* Assets.xcassets in Resources */,
				93B0CCED22D7392500504DCA /* Main.storyboard in Resources */,
			);
			runOnlyForDeploymentPostprocessing = 0;
		};
		93B0CCF622D7392700504DCA /* Resources */ = {
			isa = PBXResourcesBuildPhase;
			buildActionMask = 2147483647;
			files = (
			);
			runOnlyForDeploymentPostprocessing = 0;
		};
		93B0CD0122D7392700504DCA /* Resources */ = {
			isa = PBXResourcesBuildPhase;
			buildActionMask = 2147483647;
			files = (
			);
			runOnlyForDeploymentPostprocessing = 0;
		};
/* End PBXResourcesBuildPhase section */

/* Begin PBXShellScriptBuildPhase section */
		93665C5922DC8BCF0065092A /* Carthage Copy Frameworks */ = {
			isa = PBXShellScriptBuildPhase;
			buildActionMask = 2147483647;
			files = (
			);
			inputFileListPaths = (
			);
			inputPaths = (
				"$(SRCROOT)/Carthage/Build/iOS/SDWebImage.framework",
				"$(SRCROOT)/Carthage/Build/iOS/FLAnimatedImage.framework",
			);
			name = "Carthage Copy Frameworks";
			outputFileListPaths = (
			);
			outputPaths = (
				"$(BUILT_PRODUCTS_DIR)/$(FRAMEWORKS_FOLDER_PATH)/SDWebImage.framework",
				"$(BUILT_PRODUCTS_DIR)/$(FRAMEWORKS_FOLDER_PATH)/FLAnimatedImage.framework",
			);
			runOnlyForDeploymentPostprocessing = 0;
			shellPath = /bin/sh;
			shellScript = "/usr/local/bin/carthage copy-frameworks\n";
		};
/* End PBXShellScriptBuildPhase section */

/* Begin PBXSourcesBuildPhase section */
		93B0CCDE22D7392500504DCA /* Sources */ = {
			isa = PBXSourcesBuildPhase;
			buildActionMask = 2147483647;
			files = (
				9377C5CD22F0CC4B00C40D09 /* NVActivityIndicatorPresenter.swift in Sources */,
				9377C5CE22F0CC4B00C40D09 /* NVActivityIndicatorViewable.swift in Sources */,
				9377C5C822F0CC3600C40D09 /* NVActivityIndicatorAnimationDelegate.swift in Sources */,
				9377C5C922F0CC3600C40D09 /* NVActivityIndicatorShape.swift in Sources */,
				9377C5CA22F0CC3600C40D09 /* NVActivityIndicatorView.swift in Sources */,
				9377C5A322F0CC1E00C40D09 /* NVActivityIndicatorAnimationBallZigZagDeflect.swift in Sources */,
				9377C5A422F0CC1E00C40D09 /* NVActivityIndicatorAnimationBallScaleMultiple.swift in Sources */,
				9377C5A522F0CC1E00C40D09 /* NVActivityIndicatorAnimationLineScalePulseOutRapid.swift in Sources */,
				9377C5A622F0CC1E00C40D09 /* NVActivityIndicatorAnimationBallRotateChase.swift in Sources */,
				9377C5A722F0CC1E00C40D09 /* NVActivityIndicatorAnimationBallPulseSync.swift in Sources */,
				9377C5A822F0CC1E00C40D09 /* NVActivityIndicatorAnimationBallScaleRippleMultiple.swift in Sources */,
				9377C5A922F0CC1E00C40D09 /* NVActivityIndicatorAnimationCubeTransition.swift in Sources */,
				9377C5AA22F0CC1E00C40D09 /* NVActivityIndicatorAnimationBallBeat.swift in Sources */,
				9377C5AB22F0CC1E00C40D09 /* NVActivityIndicatorAnimationBallRotate.swift in Sources */,
				9377C5AC22F0CC1E00C40D09 /* NVActivityIndicatorAnimationLineSpinFadeLoader.swift in Sources */,
				9377C5AD22F0CC1E00C40D09 /* NVActivityIndicatorAnimationBallDoubleBounce.swift in Sources */,
				9377C5AE22F0CC1E00C40D09 /* NVActivityIndicatorAnimationCircleStrokeSpin.swift in Sources */,
				9377C5AF22F0CC1E00C40D09 /* NVActivityIndicatorAnimationBallGridPulse.swift in Sources */,
				9377C5B022F0CC1E00C40D09 /* NVActivityIndicatorAnimationAudioEqualizer.swift in Sources */,
				9377C5B122F0CC1E00C40D09 /* NVActivityIndicatorAnimationLineScalePulseOut.swift in Sources */,
				9377C5B222F0CC1E00C40D09 /* NVActivityIndicatorAnimationSquareSpin.swift in Sources */,
				9377C5B322F0CC1E00C40D09 /* NVActivityIndicatorAnimationBlank.swift in Sources */,
				9377C5B422F0CC1E00C40D09 /* NVActivityIndicatorAnimationBallPulseRise.swift in Sources */,
				9377C5B522F0CC1E00C40D09 /* NVActivityIndicatorAnimationTriangleSkewSpin.swift in Sources */,
				9377C5B622F0CC1E00C40D09 /* NVActivityIndicatorAnimationBallClipRotate.swift in Sources */,
				9377C5B722F0CC1E00C40D09 /* NVActivityIndicatorAnimationBallScale.swift in Sources */,
				9377C5B822F0CC1E00C40D09 /* NVActivityIndicatorAnimationBallTrianglePath.swift in Sources */,
				9377C5B922F0CC1E00C40D09 /* NVActivityIndicatorAnimationOrbit.swift in Sources */,
				9377C5BA22F0CC1E00C40D09 /* NVActivityIndicatorAnimationBallGridBeat.swift in Sources */,
				9377C5BB22F0CC1E00C40D09 /* NVActivityIndicatorAnimationBallClipRotatePulse.swift in Sources */,
				9377C5BC22F0CC1E00C40D09 /* NVActivityIndicatorAnimationBallZigZag.swift in Sources */,
				9377C5BD22F0CC1E00C40D09 /* NVActivityIndicatorAnimationPacman.swift in Sources */,
				9377C5BE22F0CC1E00C40D09 /* NVActivityIndicatorAnimationBallClipRotateMultiple.swift in Sources */,
				9377C5BF22F0CC1E00C40D09 /* NVActivityIndicatorAnimationBallPulse.swift in Sources */,
				9377C5C022F0CC1E00C40D09 /* NVActivityIndicatorAnimationLineScaleParty.swift in Sources */,
				9377C5C122F0CC1E00C40D09 /* NVActivityIndicatorAnimationBallScaleRipple.swift in Sources */,
				9377C5C222F0CC1E00C40D09 /* NVActivityIndicatorAnimationBallSpinFadeLoader.swift in Sources */,
				9377C5C322F0CC1E00C40D09 /* NVActivityIndicatorAnimationLineScale.swift in Sources */,
				9377C5C422F0CC1E00C40D09 /* NVActivityIndicatorAnimationSemiCircleSpin.swift in Sources */,
				932C54F922E9C53500DCEC21 /* AnimatedLaunchScreenController.swift in Sources */,
				93B0CCEA22D7392500504DCA /* ViewController.swift in Sources */,
				93B0CD1622D73FD900504DCA /* TableViewCell.swift in Sources */,
				932C550122E9C70E00DCEC21 /* SplashAnimatable.swift in Sources */,
				932C54FE22E9C70E00DCEC21 /* SplashAnimationType.swift in Sources */,
				93B0CCE622D7392500504DCA /* AppDelegate.swift in Sources */,
				93B0CCE822D7392500504DCA /* SceneDelegate.swift in Sources */,
				9304724F22D8885F007C6E43 /* MasterNavigationController.swift in Sources */,
				9343E1EC22EB051E000CDCC1 /* Reachability.swift in Sources */,
				932C550022E9C70E00DCEC21 /* RevealingSplashView.swift in Sources */,
				93BA817822E3228000CA6332 /* Models.swift in Sources */,
				9343E1EA22E9EACD000CDCC1 /* ReplaceSegue.swift in Sources */,
				93AB3D5422D7EAA500FF1B16 /* DetailViewController.swift in Sources */,
				932C54FF22E9C70E00DCEC21 /* Animations.swift in Sources */,
				938B310322D8D56A0030F7E2 /* GIFViewController.swift in Sources */,
			);
			runOnlyForDeploymentPostprocessing = 0;
		};
		93B0CCF422D7392700504DCA /* Sources */ = {
			isa = PBXSourcesBuildPhase;
			buildActionMask = 2147483647;
			files = (
				93B0CCFD22D7392700504DCA /* VisualisationsUIKitTests.swift in Sources */,
			);
			runOnlyForDeploymentPostprocessing = 0;
		};
		93B0CCFF22D7392700504DCA /* Sources */ = {
			isa = PBXSourcesBuildPhase;
			buildActionMask = 2147483647;
			files = (
				93B0CD0822D7392700504DCA /* VisualisationsUIKitUITests.swift in Sources */,
			);
			runOnlyForDeploymentPostprocessing = 0;
		};
/* End PBXSourcesBuildPhase section */

/* Begin PBXTargetDependency section */
		93B0CCFA22D7392700504DCA /* PBXTargetDependency */ = {
			isa = PBXTargetDependency;
			target = 93B0CCE122D7392500504DCA /* VisualisationsUIKit */;
			targetProxy = 93B0CCF922D7392700504DCA /* PBXContainerItemProxy */;
		};
		93B0CD0522D7392700504DCA /* PBXTargetDependency */ = {
			isa = PBXTargetDependency;
			target = 93B0CCE122D7392500504DCA /* VisualisationsUIKit */;
			targetProxy = 93B0CD0422D7392700504DCA /* PBXContainerItemProxy */;
		};
/* End PBXTargetDependency section */

/* Begin PBXVariantGroup section */
		93B0CCEB22D7392500504DCA /* Main.storyboard */ = {
			isa = PBXVariantGroup;
			children = (
				93B0CCEC22D7392500504DCA /* Base */,
			);
			name = Main.storyboard;
			sourceTree = "<group>";
		};
		93B0CCF022D7392600504DCA /* LaunchScreen.storyboard */ = {
			isa = PBXVariantGroup;
			children = (
				93B0CCF122D7392600504DCA /* Base */,
			);
			name = LaunchScreen.storyboard;
			sourceTree = "<group>";
		};
/* End PBXVariantGroup section */

/* Begin XCBuildConfiguration section */
		93B0CD0A22D7392700504DCA /* Debug */ = {
			isa = XCBuildConfiguration;
			buildSettings = {
				ALWAYS_SEARCH_USER_PATHS = NO;
				CLANG_ANALYZER_NONNULL = YES;
				CLANG_ANALYZER_NUMBER_OBJECT_CONVERSION = YES_AGGRESSIVE;
				CLANG_CXX_LANGUAGE_STANDARD = "gnu++14";
				CLANG_CXX_LIBRARY = "libc++";
				CLANG_ENABLE_MODULES = YES;
				CLANG_ENABLE_OBJC_ARC = YES;
				CLANG_ENABLE_OBJC_WEAK = YES;
				CLANG_WARN_BLOCK_CAPTURE_AUTORELEASING = YES;
				CLANG_WARN_BOOL_CONVERSION = YES;
				CLANG_WARN_COMMA = YES;
				CLANG_WARN_CONSTANT_CONVERSION = YES;
				CLANG_WARN_DEPRECATED_OBJC_IMPLEMENTATIONS = YES;
				CLANG_WARN_DIRECT_OBJC_ISA_USAGE = YES_ERROR;
				CLANG_WARN_DOCUMENTATION_COMMENTS = YES;
				CLANG_WARN_EMPTY_BODY = YES;
				CLANG_WARN_ENUM_CONVERSION = YES;
				CLANG_WARN_INFINITE_RECURSION = YES;
				CLANG_WARN_INT_CONVERSION = YES;
				CLANG_WARN_NON_LITERAL_NULL_CONVERSION = YES;
				CLANG_WARN_OBJC_IMPLICIT_RETAIN_SELF = YES;
				CLANG_WARN_OBJC_LITERAL_CONVERSION = YES;
				CLANG_WARN_OBJC_ROOT_CLASS = YES_ERROR;
				CLANG_WARN_RANGE_LOOP_ANALYSIS = YES;
				CLANG_WARN_STRICT_PROTOTYPES = YES;
				CLANG_WARN_SUSPICIOUS_MOVE = YES;
				CLANG_WARN_UNGUARDED_AVAILABILITY = YES_AGGRESSIVE;
				CLANG_WARN_UNREACHABLE_CODE = YES;
				CLANG_WARN__DUPLICATE_METHOD_MATCH = YES;
				COPY_PHASE_STRIP = NO;
				DEBUG_INFORMATION_FORMAT = dwarf;
				ENABLE_STRICT_OBJC_MSGSEND = YES;
				ENABLE_TESTABILITY = YES;
				GCC_C_LANGUAGE_STANDARD = gnu11;
				GCC_DYNAMIC_NO_PIC = NO;
				GCC_NO_COMMON_BLOCKS = YES;
				GCC_OPTIMIZATION_LEVEL = 0;
				GCC_PREPROCESSOR_DEFINITIONS = (
					"DEBUG=1",
					"$(inherited)",
				);
				GCC_WARN_64_TO_32_BIT_CONVERSION = YES;
				GCC_WARN_ABOUT_RETURN_TYPE = YES_ERROR;
				GCC_WARN_UNDECLARED_SELECTOR = YES;
				GCC_WARN_UNINITIALIZED_AUTOS = YES_AGGRESSIVE;
				GCC_WARN_UNUSED_FUNCTION = YES;
				GCC_WARN_UNUSED_VARIABLE = YES;
				IPHONEOS_DEPLOYMENT_TARGET = 13.0;
				MTL_ENABLE_DEBUG_INFO = INCLUDE_SOURCE;
				MTL_FAST_MATH = YES;
				ONLY_ACTIVE_ARCH = YES;
				SDKROOT = iphoneos;
				SWIFT_ACTIVE_COMPILATION_CONDITIONS = DEBUG;
				SWIFT_OPTIMIZATION_LEVEL = "-Onone";
			};
			name = Debug;
		};
		93B0CD0B22D7392700504DCA /* Release */ = {
			isa = XCBuildConfiguration;
			buildSettings = {
				ALWAYS_SEARCH_USER_PATHS = NO;
				CLANG_ANALYZER_NONNULL = YES;
				CLANG_ANALYZER_NUMBER_OBJECT_CONVERSION = YES_AGGRESSIVE;
				CLANG_CXX_LANGUAGE_STANDARD = "gnu++14";
				CLANG_CXX_LIBRARY = "libc++";
				CLANG_ENABLE_MODULES = YES;
				CLANG_ENABLE_OBJC_ARC = YES;
				CLANG_ENABLE_OBJC_WEAK = YES;
				CLANG_WARN_BLOCK_CAPTURE_AUTORELEASING = YES;
				CLANG_WARN_BOOL_CONVERSION = YES;
				CLANG_WARN_COMMA = YES;
				CLANG_WARN_CONSTANT_CONVERSION = YES;
				CLANG_WARN_DEPRECATED_OBJC_IMPLEMENTATIONS = YES;
				CLANG_WARN_DIRECT_OBJC_ISA_USAGE = YES_ERROR;
				CLANG_WARN_DOCUMENTATION_COMMENTS = YES;
				CLANG_WARN_EMPTY_BODY = YES;
				CLANG_WARN_ENUM_CONVERSION = YES;
				CLANG_WARN_INFINITE_RECURSION = YES;
				CLANG_WARN_INT_CONVERSION = YES;
				CLANG_WARN_NON_LITERAL_NULL_CONVERSION = YES;
				CLANG_WARN_OBJC_IMPLICIT_RETAIN_SELF = YES;
				CLANG_WARN_OBJC_LITERAL_CONVERSION = YES;
				CLANG_WARN_OBJC_ROOT_CLASS = YES_ERROR;
				CLANG_WARN_RANGE_LOOP_ANALYSIS = YES;
				CLANG_WARN_STRICT_PROTOTYPES = YES;
				CLANG_WARN_SUSPICIOUS_MOVE = YES;
				CLANG_WARN_UNGUARDED_AVAILABILITY = YES_AGGRESSIVE;
				CLANG_WARN_UNREACHABLE_CODE = YES;
				CLANG_WARN__DUPLICATE_METHOD_MATCH = YES;
				COPY_PHASE_STRIP = NO;
				DEBUG_INFORMATION_FORMAT = "dwarf-with-dsym";
				ENABLE_NS_ASSERTIONS = NO;
				ENABLE_STRICT_OBJC_MSGSEND = YES;
				GCC_C_LANGUAGE_STANDARD = gnu11;
				GCC_NO_COMMON_BLOCKS = YES;
				GCC_WARN_64_TO_32_BIT_CONVERSION = YES;
				GCC_WARN_ABOUT_RETURN_TYPE = YES_ERROR;
				GCC_WARN_UNDECLARED_SELECTOR = YES;
				GCC_WARN_UNINITIALIZED_AUTOS = YES_AGGRESSIVE;
				GCC_WARN_UNUSED_FUNCTION = YES;
				GCC_WARN_UNUSED_VARIABLE = YES;
				IPHONEOS_DEPLOYMENT_TARGET = 13.0;
				MTL_ENABLE_DEBUG_INFO = NO;
				MTL_FAST_MATH = YES;
				SDKROOT = iphoneos;
				SWIFT_COMPILATION_MODE = wholemodule;
				SWIFT_OPTIMIZATION_LEVEL = "-O";
				VALIDATE_PRODUCT = YES;
			};
			name = Release;
		};
		93B0CD0D22D7392700504DCA /* Debug */ = {
			isa = XCBuildConfiguration;
			buildSettings = {
				ASSETCATALOG_COMPILER_APPICON_NAME = AppIcon;
				CODE_SIGN_STYLE = Automatic;
				DEVELOPMENT_TEAM = W9RL8FQ38P;
				FRAMEWORK_SEARCH_PATHS = (
					"$(inherited)",
					"$(PROJECT_DIR)/Carthage/Build/iOS",
				);
				INFOPLIST_FILE = VisualisationsUIKit/Info.plist;
				IPHONEOS_DEPLOYMENT_TARGET = 12.3;
				LD_RUNPATH_SEARCH_PATHS = (
					"$(inherited)",
					"@executable_path/Frameworks",
				);
				PRODUCT_BUNDLE_IDENTIFIER = Imperial.VisualisationsUIKit;
				PRODUCT_NAME = "$(TARGET_NAME)";
				SWIFT_VERSION = 5.0;
				TARGETED_DEVICE_FAMILY = "1,2";
			};
			name = Debug;
		};
		93B0CD0E22D7392700504DCA /* Release */ = {
			isa = XCBuildConfiguration;
			buildSettings = {
				ASSETCATALOG_COMPILER_APPICON_NAME = AppIcon;
				CODE_SIGN_STYLE = Automatic;
				DEVELOPMENT_TEAM = W9RL8FQ38P;
				FRAMEWORK_SEARCH_PATHS = (
					"$(inherited)",
					"$(PROJECT_DIR)/Carthage/Build/iOS",
				);
				INFOPLIST_FILE = VisualisationsUIKit/Info.plist;
				IPHONEOS_DEPLOYMENT_TARGET = 12.3;
				LD_RUNPATH_SEARCH_PATHS = (
					"$(inherited)",
					"@executable_path/Frameworks",
				);
				PRODUCT_BUNDLE_IDENTIFIER = Imperial.VisualisationsUIKit;
				PRODUCT_NAME = "$(TARGET_NAME)";
				SWIFT_VERSION = 5.0;
				TARGETED_DEVICE_FAMILY = "1,2";
			};
			name = Release;
		};
		93B0CD1022D7392700504DCA /* Debug */ = {
			isa = XCBuildConfiguration;
			buildSettings = {
				ALWAYS_EMBED_SWIFT_STANDARD_LIBRARIES = YES;
				BUNDLE_LOADER = "$(TEST_HOST)";
				CODE_SIGN_STYLE = Automatic;
				DEVELOPMENT_TEAM = W9RL8FQ38P;
				INFOPLIST_FILE = VisualisationsUIKitTests/Info.plist;
				LD_RUNPATH_SEARCH_PATHS = (
					"$(inherited)",
					"@executable_path/Frameworks",
					"@loader_path/Frameworks",
				);
				PRODUCT_BUNDLE_IDENTIFIER = Imperial.VisualisationsUIKitTests;
				PRODUCT_NAME = "$(TARGET_NAME)";
				SWIFT_VERSION = 5.0;
				TARGETED_DEVICE_FAMILY = "1,2";
				TEST_HOST = "$(BUILT_PRODUCTS_DIR)/VisualisationsUIKit.app/VisualisationsUIKit";
			};
			name = Debug;
		};
		93B0CD1122D7392700504DCA /* Release */ = {
			isa = XCBuildConfiguration;
			buildSettings = {
				ALWAYS_EMBED_SWIFT_STANDARD_LIBRARIES = YES;
				BUNDLE_LOADER = "$(TEST_HOST)";
				CODE_SIGN_STYLE = Automatic;
				DEVELOPMENT_TEAM = W9RL8FQ38P;
				INFOPLIST_FILE = VisualisationsUIKitTests/Info.plist;
				LD_RUNPATH_SEARCH_PATHS = (
					"$(inherited)",
					"@executable_path/Frameworks",
					"@loader_path/Frameworks",
				);
				PRODUCT_BUNDLE_IDENTIFIER = Imperial.VisualisationsUIKitTests;
				PRODUCT_NAME = "$(TARGET_NAME)";
				SWIFT_VERSION = 5.0;
				TARGETED_DEVICE_FAMILY = "1,2";
				TEST_HOST = "$(BUILT_PRODUCTS_DIR)/VisualisationsUIKit.app/VisualisationsUIKit";
			};
			name = Release;
		};
		93B0CD1322D7392700504DCA /* Debug */ = {
			isa = XCBuildConfiguration;
			buildSettings = {
				ALWAYS_EMBED_SWIFT_STANDARD_LIBRARIES = YES;
				CODE_SIGN_STYLE = Automatic;
				DEVELOPMENT_TEAM = W9RL8FQ38P;
				INFOPLIST_FILE = VisualisationsUIKitUITests/Info.plist;
				LD_RUNPATH_SEARCH_PATHS = (
					"$(inherited)",
					"@executable_path/Frameworks",
					"@loader_path/Frameworks",
				);
				PRODUCT_BUNDLE_IDENTIFIER = Imperial.VisualisationsUIKitUITests;
				PRODUCT_NAME = "$(TARGET_NAME)";
				SWIFT_VERSION = 5.0;
				TARGETED_DEVICE_FAMILY = "1,2";
				TEST_TARGET_NAME = VisualisationsUIKit;
			};
			name = Debug;
		};
		93B0CD1422D7392700504DCA /* Release */ = {
			isa = XCBuildConfiguration;
			buildSettings = {
				ALWAYS_EMBED_SWIFT_STANDARD_LIBRARIES = YES;
				CODE_SIGN_STYLE = Automatic;
				DEVELOPMENT_TEAM = W9RL8FQ38P;
				INFOPLIST_FILE = VisualisationsUIKitUITests/Info.plist;
				LD_RUNPATH_SEARCH_PATHS = (
					"$(inherited)",
					"@executable_path/Frameworks",
					"@loader_path/Frameworks",
				);
				PRODUCT_BUNDLE_IDENTIFIER = Imperial.VisualisationsUIKitUITests;
				PRODUCT_NAME = "$(TARGET_NAME)";
				SWIFT_VERSION = 5.0;
				TARGETED_DEVICE_FAMILY = "1,2";
				TEST_TARGET_NAME = VisualisationsUIKit;
			};
			name = Release;
		};
/* End XCBuildConfiguration section */

/* Begin XCConfigurationList section */
		93B0CCDD22D7392500504DCA /* Build configuration list for PBXProject "VisualisationsUIKit" */ = {
			isa = XCConfigurationList;
			buildConfigurations = (
				93B0CD0A22D7392700504DCA /* Debug */,
				93B0CD0B22D7392700504DCA /* Release */,
			);
			defaultConfigurationIsVisible = 0;
			defaultConfigurationName = Release;
		};
		93B0CD0C22D7392700504DCA /* Build configuration list for PBXNativeTarget "VisualisationsUIKit" */ = {
			isa = XCConfigurationList;
			buildConfigurations = (
				93B0CD0D22D7392700504DCA /* Debug */,
				93B0CD0E22D7392700504DCA /* Release */,
			);
			defaultConfigurationIsVisible = 0;
			defaultConfigurationName = Release;
		};
		93B0CD0F22D7392700504DCA /* Build configuration list for PBXNativeTarget "VisualisationsUIKitTests" */ = {
			isa = XCConfigurationList;
			buildConfigurations = (
				93B0CD1022D7392700504DCA /* Debug */,
				93B0CD1122D7392700504DCA /* Release */,
			);
			defaultConfigurationIsVisible = 0;
			defaultConfigurationName = Release;
		};
		93B0CD1222D7392700504DCA /* Build configuration list for PBXNativeTarget "VisualisationsUIKitUITests" */ = {
			isa = XCConfigurationList;
			buildConfigurations = (
				93B0CD1322D7392700504DCA /* Debug */,
				93B0CD1422D7392700504DCA /* Release */,
			);
			defaultConfigurationIsVisible = 0;
			defaultConfigurationName = Release;
		};
/* End XCConfigurationList section */
	};
	rootObject = 93B0CCDA22D7392500504DCA /* Project object */;
}
